
Microsoft Visual Studio Solution File, Format Version 12.00
Project("{FAE04EC0-301F-11D3-BF4B-00C04F79EFBC}") = "Auth0.Demo", "Auth0.Demo\Auth0.Demo.csproj", "{6C05128A-8ECD-4D60-A249-77BBBF097D2E}"
EndProject
Project("{2150E333-8FDC-42A3-9474-1A3956D46DE8}") = "Blazor.WASM.PWA", "Blazor.WASM.PWA", "{E13BA62B-A6FD-48E2-A994-BEA5033CF60F}"
EndProject
Project("{FAE04EC0-301F-11D3-BF4B-00C04F79EFBC}") = "Blazor.WASM.PWA.Client", "Blazor.WASM.PWA\Blazor.WASM.PWA\Client\Blazor.WASM.PWA.Client.csproj", "{A5890642-4E13-4F1B-A8EB-13A89D672B74}"
EndProject
Project("{FAE04EC0-301F-11D3-BF4B-00C04F79EFBC}") = "Blazor.WASM.PWA.Server", "Blazor.WASM.PWA\Blazor.WASM.PWA\Server\Blazor.WASM.PWA.Server.csproj", "{6A3D228B-662E-42C3-BA26-5DB4DD825C80}"
EndProject
Project("{FAE04EC0-301F-11D3-BF4B-00C04F79EFBC}") = "Blazor.WASM.PWA.Shared", "Blazor.WASM.PWA\Blazor.WASM.PWA\Shared\Blazor.WASM.PWA.Shared.csproj", "{EE5FDF63-888D-4208-9718-90A77E327F1B}"
EndProject
Global
	GlobalSection(SolutionConfigurationPlatforms) = preSolution
		Debug|Any CPU = Debug|Any CPU
		Release|Any CPU = Release|Any CPU
	EndGlobalSection
	GlobalSection(ProjectConfigurationPlatforms) = postSolution
		{6C05128A-8ECD-4D60-A249-77BBBF097D2E}.Debug|Any CPU.ActiveCfg = Debug|Any CPU
		{6C05128A-8ECD-4D60-A249-77BBBF097D2E}.Debug|Any CPU.Build.0 = Debug|Any CPU
		{6C05128A-8ECD-4D60-A249-77BBBF097D2E}.Release|Any CPU.ActiveCfg = Release|Any CPU
		{6C05128A-8ECD-4D60-A249-77BBBF097D2E}.Release|Any CPU.Build.0 = Release|Any CPU
		{A5890642-4E13-4F1B-A8EB-13A89D672B74}.Debug|Any CPU.ActiveCfg = Debug|Any CPU
		{A5890642-4E13-4F1B-A8EB-13A89D672B74}.Debug|Any CPU.Build.0 = Debug|Any CPU
		{A5890642-4E13-4F1B-A8EB-13A89D672B74}.Release|Any CPU.ActiveCfg = Release|Any CPU
		{A5890642-4E13-4F1B-A8EB-13A89D672B74}.Release|Any CPU.Build.0 = Release|Any CPU
		{6A3D228B-662E-42C3-BA26-5DB4DD825C80}.Debug|Any CPU.ActiveCfg = Debug|Any CPU
		{6A3D228B-662E-42C3-BA26-5DB4DD825C80}.Debug|Any CPU.Build.0 = Debug|Any CPU
		{6A3D228B-662E-42C3-BA26-5DB4DD825C80}.Release|Any CPU.ActiveCfg = Release|Any CPU
		{6A3D228B-662E-42C3-BA26-5DB4DD825C80}.Release|Any CPU.Build.0 = Release|Any CPU
		{EE5FDF63-888D-4208-9718-90A77E327F1B}.Debug|Any CPU.ActiveCfg = Debug|Any CPU
		{EE5FDF63-888D-4208-9718-90A77E327F1B}.Debug|Any CPU.Build.0 = Debug|Any CPU
		{EE5FDF63-888D-4208-9718-90A77E327F1B}.Release|Any CPU.ActiveCfg = Release|Any CPU
		{EE5FDF63-888D-4208-9718-90A77E327F1B}.Release|Any CPU.Build.0 = Release|Any CPU
	EndGlobalSection
	GlobalSection(NestedProjects) = preSolution
		{A5890642-4E13-4F1B-A8EB-13A89D672B74} = {E13BA62B-A6FD-48E2-A994-BEA5033CF60F}
		{6A3D228B-662E-42C3-BA26-5DB4DD825C80} = {E13BA62B-A6FD-48E2-A994-BEA5033CF60F}
		{EE5FDF63-888D-4208-9718-90A77E327F1B} = {E13BA62B-A6FD-48E2-A994-BEA5033CF60F}
	EndGlobalSection
EndGlobal
